
Microsoft Visual Studio Solution File, Format Version 12.00
# Visual Studio Version 17
VisualStudioVersion = 17.5.002.0
MinimumVisualStudioVersion = 10.0.40219.1
Project("{2150E333-8FDC-42A3-9474-1A3956D46DE8}") = "Labfiles", "Labfiles", "{C2411B2D-E4BC-454E-9A48-A6B9027D34F9}"
EndProject
Project("{2150E333-8FDC-42A3-9474-1A3956D46DE8}") = "01-analyze-text", "01-analyze-text", "{7BE99638-276A-48C4-9B51-CDC214F878A0}"
EndProject
Project("{2150E333-8FDC-42A3-9474-1A3956D46DE8}") = "C-Sharp", "C-Sharp", "{B43C7117-7CE4-43BC-96B3-F4B36C6BFF5D}"
EndProject
Project("{9A19103F-16F7-4668-BE54-9A1E7A4F7556}") = "text-analysis", "Labfiles\01-analyze-text\C-Sharp\text-analysis\text-analysis.csproj", "{332237CD-74AA-445C-811C-E1DD5EE74488}"
EndProject
Project("{2150E333-8FDC-42A3-9474-1A3956D46DE8}") = "07-speech", "07-speech", "{13D44095-3D63-4376-B4FA-79D705D8760B}"
EndProject
Project("{2150E333-8FDC-42A3-9474-1A3956D46DE8}") = "C-Sharp", "C-Sharp", "{B3DBF54A-465A-43A5-A56B-148269D86459}"
EndProject
Project("{9A19103F-16F7-4668-BE54-9A1E7A4F7556}") = "speaking-clock", "Labfiles\07-speech\C-Sharp\speaking-clock\speaking-clock.csproj", "{FD9777AA-4511-4265-9273-763454C142E8}"
EndProject
Project("{2150E333-8FDC-42A3-9474-1A3956D46DE8}") = "02-qna", "02-qna", "{601657DB-06F1-4105-AE86-8A01D4F44F65}"
EndProject
Project("{2150E333-8FDC-42A3-9474-1A3956D46DE8}") = "C-Sharp", "C-Sharp", "{DBA5209F-3053-4790-83F7-C1CEA5C0F81C}"
EndProject
Project("{9A19103F-16F7-4668-BE54-9A1E7A4F7556}") = "qna-app", "Labfiles\02-qna\C-Sharp\qna-app\qna-app.csproj", "{E2EB0B53-CECB-4612-8435-32D1CB4C7DF0}"
EndProject
Project("{2150E333-8FDC-42A3-9474-1A3956D46DE8}") = "06b-translator-sdk", "06b-translator-sdk", "{08C0BBFB-7207-4FA7-9039-4B6FD8BBE451}"
EndProject
Project("{2150E333-8FDC-42A3-9474-1A3956D46DE8}") = "C-Sharp", "C-Sharp", "{CD426E89-EAA5-4BA1-9805-9412A3AC59EA}"
EndProject
Project("{9A19103F-16F7-4668-BE54-9A1E7A4F7556}") = "translate_text", "Labfiles\06b-translator-sdk\C-Sharp\translate-text\translate_text.csproj", "{F4B3BA29-F7A7-48B0-9B4F-C0B254A48500}"
EndProject
Project("{2150E333-8FDC-42A3-9474-1A3956D46DE8}") = "08-speech-translation", "08-speech-translation", "{3D6378EA-EFD4-4408-BED7-1BB24802DCFC}"
EndProject
Project("{2150E333-8FDC-42A3-9474-1A3956D46DE8}") = "C-Sharp", "C-Sharp", "{BC215D9E-5BCB-4DF6-83E3-BEB9B937A27B}"
EndProject
Project("{9A19103F-16F7-4668-BE54-9A1E7A4F7556}") = "translator", "Labfiles\08-speech-translation\C-Sharp\translator\translator.csproj", "{EA3ABA2A-340A-4042-96B7-B47BCB23B273}"
EndProject
Project("{2150E333-8FDC-42A3-9474-1A3956D46DE8}") = "03-language", "03-language", "{67C49921-4EF0-43E1-9F0A-F72AACCE25A7}"
EndProject
Project("{2150E333-8FDC-42A3-9474-1A3956D46DE8}") = "C-Sharp", "C-Sharp", "{4D46D723-A44C-498A-9540-C75F2508E463}"
EndProject
Project("{9A19103F-16F7-4668-BE54-9A1E7A4F7556}") = "clock_client", "Labfiles\03-language\C-Sharp\clock-client\clock_client.csproj", "{21595BDE-9BA8-4F82-98C6-38078C112182}"
EndProject
Project("{2150E333-8FDC-42A3-9474-1A3956D46DE8}") = "04-text-classification", "04-text-classification", "{F3276A91-1F9B-4DFF-A41C-F9A797BA33A8}"
EndProject
Project("{2150E333-8FDC-42A3-9474-1A3956D46DE8}") = "C-Sharp", "C-Sharp", "{FB079BA7-B54E-43F8-9D89-D5F8851915A4}"
EndProject
Project("{9A19103F-16F7-4668-BE54-9A1E7A4F7556}") = "classify-text", "Labfiles\04-text-classification\C-Sharp\classify-text\classify-text.csproj", "{1578FEF0-D2C8-4BF4-AFA9-06598C3A8413}"
EndProject
Project("{2150E333-8FDC-42A3-9474-1A3956D46DE8}") = "06-translate-text", "06-translate-text", "{32A6D25D-586E-48F6-82E1-4A21214AFBA8}"
EndProject
Project("{2150E333-8FDC-42A3-9474-1A3956D46DE8}") = "C-Sharp", "C-Sharp", "{B4015FB1-FA50-41EB-B31B-468BC8AE2ED8}"
EndProject
Project("{9A19103F-16F7-4668-BE54-9A1E7A4F7556}") = "translate_text", "Labfiles\06-translate-text\C-Sharp\text-translation\translate_text.csproj", "{DC96B1EB-F84D-4234-9CB6-A8B3AC456DE5}"
EndProject
Project("{2150E333-8FDC-42A3-9474-1A3956D46DE8}") = "05-custom-entity-recognition", "05-custom-entity-recognition", "{C5075C60-FBA7-4BE6-A69F-994C0B8743A2}"
EndProject
Project("{2150E333-8FDC-42A3-9474-1A3956D46DE8}") = "C-Sharp", "C-Sharp", "{366377D6-D202-4EA6-ABCC-92D27B0DC9B7}"
EndProject
Project("{9A19103F-16F7-4668-BE54-9A1E7A4F7556}") = "custom-entities", "Labfiles\05-custom-entity-recognition\C-Sharp\custom-entities\custom-entities.csproj", "{C3FE320C-B720-4469-A74C-4006AB6CAAB9}"
EndProject
Global
	GlobalSection(SolutionConfigurationPlatforms) = preSolution
		Debug|Any CPU = Debug|Any CPU
		Release|Any CPU = Release|Any CPU
	EndGlobalSection
	GlobalSection(ProjectConfigurationPlatforms) = postSolution
		{332237CD-74AA-445C-811C-E1DD5EE74488}.Debug|Any CPU.ActiveCfg = Debug|Any CPU
		{332237CD-74AA-445C-811C-E1DD5EE74488}.Debug|Any CPU.Build.0 = Debug|Any CPU
		{332237CD-74AA-445C-811C-E1DD5EE74488}.Release|Any CPU.ActiveCfg = Release|Any CPU
		{332237CD-74AA-445C-811C-E1DD5EE74488}.Release|Any CPU.Build.0 = Release|Any CPU
		{FD9777AA-4511-4265-9273-763454C142E8}.Debug|Any CPU.ActiveCfg = Debug|Any CPU
		{FD9777AA-4511-4265-9273-763454C142E8}.Debug|Any CPU.Build.0 = Debug|Any CPU
		{FD9777AA-4511-4265-9273-763454C142E8}.Release|Any CPU.ActiveCfg = Release|Any CPU
		{FD9777AA-4511-4265-9273-763454C142E8}.Release|Any CPU.Build.0 = Release|Any CPU
		{E2EB0B53-CECB-4612-8435-32D1CB4C7DF0}.Debug|Any CPU.ActiveCfg = Debug|Any CPU
		{E2EB0B53-CECB-4612-8435-32D1CB4C7DF0}.Debug|Any CPU.Build.0 = Debug|Any CPU
		{E2EB0B53-CECB-4612-8435-32D1CB4C7DF0}.Release|Any CPU.ActiveCfg = Release|Any CPU
		{E2EB0B53-CECB-4612-8435-32D1CB4C7DF0}.Release|Any CPU.Build.0 = Release|Any CPU
		{F4B3BA29-F7A7-48B0-9B4F-C0B254A48500}.Debug|Any CPU.ActiveCfg = Debug|Any CPU
		{F4B3BA29-F7A7-48B0-9B4F-C0B254A48500}.Debug|Any CPU.Build.0 = Debug|Any CPU
		{F4B3BA29-F7A7-48B0-9B4F-C0B254A48500}.Release|Any CPU.ActiveCfg = Release|Any CPU
		{F4B3BA29-F7A7-48B0-9B4F-C0B254A48500}.Release|Any CPU.Build.0 = Release|Any CPU
		{EA3ABA2A-340A-4042-96B7-B47BCB23B273}.Debug|Any CPU.ActiveCfg = Debug|Any CPU
		{EA3ABA2A-340A-4042-96B7-B47BCB23B273}.Debug|Any CPU.Build.0 = Debug|Any CPU
		{EA3ABA2A-340A-4042-96B7-B47BCB23B273}.Release|Any CPU.ActiveCfg = Release|Any CPU
		{EA3ABA2A-340A-4042-96B7-B47BCB23B273}.Release|Any CPU.Build.0 = Release|Any CPU
		{21595BDE-9BA8-4F82-98C6-38078C112182}.Debug|Any CPU.ActiveCfg = Debug|Any CPU
		{21595BDE-9BA8-4F82-98C6-38078C112182}.Debug|Any CPU.Build.0 = Debug|Any CPU
		{21595BDE-9BA8-4F82-98C6-38078C112182}.Release|Any CPU.ActiveCfg = Release|Any CPU
		{21595BDE-9BA8-4F82-98C6-38078C112182}.Release|Any CPU.Build.0 = Release|Any CPU
		{1578FEF0-D2C8-4BF4-AFA9-06598C3A8413}.Debug|Any CPU.ActiveCfg = Debug|Any CPU
		{1578FEF0-D2C8-4BF4-AFA9-06598C3A8413}.Debug|Any CPU.Build.0 = Debug|Any CPU
		{1578FEF0-D2C8-4BF4-AFA9-06598C3A8413}.Release|Any CPU.ActiveCfg = Release|Any CPU
		{1578FEF0-D2C8-4BF4-AFA9-06598C3A8413}.Release|Any CPU.Build.0 = Release|Any CPU
		{DC96B1EB-F84D-4234-9CB6-A8B3AC456DE5}.Debug|Any CPU.ActiveCfg = Debug|Any CPU
		{DC96B1EB-F84D-4234-9CB6-A8B3AC456DE5}.Debug|Any CPU.Build.0 = Debug|Any CPU
		{DC96B1EB-F84D-4234-9CB6-A8B3AC456DE5}.Release|Any CPU.ActiveCfg = Release|Any CPU
		{DC96B1EB-F84D-4234-9CB6-A8B3AC456DE5}.Release|Any CPU.Build.0 = Release|Any CPU
		{C3FE320C-B720-4469-A74C-4006AB6CAAB9}.Debug|Any CPU.ActiveCfg = Debug|Any CPU
		{C3FE320C-B720-4469-A74C-4006AB6CAAB9}.Debug|Any CPU.Build.0 = Debug|Any CPU
		{C3FE320C-B720-4469-A74C-4006AB6CAAB9}.Release|Any CPU.ActiveCfg = Release|Any CPU
		{C3FE320C-B720-4469-A74C-4006AB6CAAB9}.Release|Any CPU.Build.0 = Release|Any CPU
	EndGlobalSection
	GlobalSection(SolutionProperties) = preSolution
		HideSolutionNode = FALSE
	EndGlobalSection
	GlobalSection(NestedProjects) = preSolution
		{7BE99638-276A-48C4-9B51-CDC214F878A0} = {C2411B2D-E4BC-454E-9A48-A6B9027D34F9}
		{B43C7117-7CE4-43BC-96B3-F4B36C6BFF5D} = {7BE99638-276A-48C4-9B51-CDC214F878A0}
		{332237CD-74AA-445C-811C-E1DD5EE74488} = {B43C7117-7CE4-43BC-96B3-F4B36C6BFF5D}
		{13D44095-3D63-4376-B4FA-79D705D8760B} = {C2411B2D-E4BC-454E-9A48-A6B9027D34F9}
		{B3DBF54A-465A-43A5-A56B-148269D86459} = {13D44095-3D63-4376-B4FA-79D705D8760B}
		{FD9777AA-4511-4265-9273-763454C142E8} = {B3DBF54A-465A-43A5-A56B-148269D86459}
		{601657DB-06F1-4105-AE86-8A01D4F44F65} = {C2411B2D-E4BC-454E-9A48-A6B9027D34F9}
		{DBA5209F-3053-4790-83F7-C1CEA5C0F81C} = {601657DB-06F1-4105-AE86-8A01D4F44F65}
		{E2EB0B53-CECB-4612-8435-32D1CB4C7DF0} = {DBA5209F-3053-4790-83F7-C1CEA5C0F81C}
		{08C0BBFB-7207-4FA7-9039-4B6FD8BBE451} = {C2411B2D-E4BC-454E-9A48-A6B9027D34F9}
		{CD426E89-EAA5-4BA1-9805-9412A3AC59EA} = {08C0BBFB-7207-4FA7-9039-4B6FD8BBE451}
		{F4B3BA29-F7A7-48B0-9B4F-C0B254A48500} = {CD426E89-EAA5-4BA1-9805-9412A3AC59EA}
		{3D6378EA-EFD4-4408-BED7-1BB24802DCFC} = {C2411B2D-E4BC-454E-9A48-A6B9027D34F9}
		{BC215D9E-5BCB-4DF6-83E3-BEB9B937A27B} = {3D6378EA-EFD4-4408-BED7-1BB24802DCFC}
		{EA3ABA2A-340A-4042-96B7-B47BCB23B273} = {BC215D9E-5BCB-4DF6-83E3-BEB9B937A27B}
		{67C49921-4EF0-43E1-9F0A-F72AACCE25A7} = {C2411B2D-E4BC-454E-9A48-A6B9027D34F9}
		{4D46D723-A44C-498A-9540-C75F2508E463} = {67C49921-4EF0-43E1-9F0A-F72AACCE25A7}
		{21595BDE-9BA8-4F82-98C6-38078C112182} = {4D46D723-A44C-498A-9540-C75F2508E463}
		{F3276A91-1F9B-4DFF-A41C-F9A797BA33A8} = {C2411B2D-E4BC-454E-9A48-A6B9027D34F9}
		{FB079BA7-B54E-43F8-9D89-D5F8851915A4} = {F3276A91-1F9B-4DFF-A41C-F9A797BA33A8}
		{1578FEF0-D2C8-4BF4-AFA9-06598C3A8413} = {FB079BA7-B54E-43F8-9D89-D5F8851915A4}
		{32A6D25D-586E-48F6-82E1-4A21214AFBA8} = {C2411B2D-E4BC-454E-9A48-A6B9027D34F9}
		{B4015FB1-FA50-41EB-B31B-468BC8AE2ED8} = {32A6D25D-586E-48F6-82E1-4A21214AFBA8}
		{DC96B1EB-F84D-4234-9CB6-A8B3AC456DE5} = {B4015FB1-FA50-41EB-B31B-468BC8AE2ED8}
		{C5075C60-FBA7-4BE6-A69F-994C0B8743A2} = {C2411B2D-E4BC-454E-9A48-A6B9027D34F9}
		{366377D6-D202-4EA6-ABCC-92D27B0DC9B7} = {C5075C60-FBA7-4BE6-A69F-994C0B8743A2}
		{C3FE320C-B720-4469-A74C-4006AB6CAAB9} = {366377D6-D202-4EA6-ABCC-92D27B0DC9B7}
	EndGlobalSection
	GlobalSection(ExtensibilityGlobals) = postSolution
		SolutionGuid = {9546286E-8912-4A3E-9770-BACB7D98494A}
	EndGlobalSection
EndGlobal
